
Microsoft Visual Studio Solution File, Format Version 12.00
# Visual Studio Version 17
VisualStudioVersion = 17.8.34309.116
MinimumVisualStudioVersion = 10.0.40219.1
Project("{FAE04EC0-301F-11D3-BF4B-00C04F79EFBC}") = "WinFormapp", "WinFormapp\WinFormapp.csproj", "{D1F9630A-E590-453A-A818-503EF5720174}"
EndProject
Global
	GlobalSection(SolutionConfigurationPlatforms) = preSolution
		Debug|Any CPU = Debug|Any CPU
		Release|Any CPU = Release|Any CPU
	EndGlobalSection
	GlobalSection(ProjectConfigurationPlatforms) = postSolution
		{D1F9630A-E590-453A-A818-503EF5720174}.Debug|Any CPU.ActiveCfg = Debug|Any CPU
		{D1F9630A-E590-453A-A818-503EF5720174}.Debug|Any CPU.Build.0 = Debug|Any CPU
		{D1F9630A-E590-453A-A818-503EF5720174}.Release|Any CPU.ActiveCfg = Release|Any CPU
		{D1F9630A-E590-453A-A818-503EF5720174}.Release|Any CPU.Build.0 = Release|Any CPU
	EndGlobalSection
	GlobalSection(SolutionProperties) = preSolution
		HideSolutionNode = FALSE
	EndGlobalSection
	GlobalSection(ExtensibilityGlobals) = postSolution
		SolutionGuid = {61B1034C-D8DE-459A-B953-17CB88CCC484}
	EndGlobalSection
EndGlobal
